// !$*UTF8*$!
{
	archiveVersion = 1;
	classes = {
	};
	objectVersion = 50;
	objects = {

/* Begin PBXBuildFile section */
		B3604BE622BD1D4800D8931D /* AppDelegate.swift in Sources */ = {isa = PBXBuildFile; fileRef = B3604BE522BD1D4800D8931D /* AppDelegate.swift */; };
		B3604BE822BD1D4800D8931D /* ViewController.swift in Sources */ = {isa = PBXBuildFile; fileRef = B3604BE722BD1D4800D8931D /* ViewController.swift */; };
		B3604BEB22BD1D4800D8931D /* Main.storyboard in Resources */ = {isa = PBXBuildFile; fileRef = B3604BE922BD1D4800D8931D /* Main.storyboard */; };
		B3604BED22BD1D4B00D8931D /* Assets.xcassets in Resources */ = {isa = PBXBuildFile; fileRef = B3604BEC22BD1D4B00D8931D /* Assets.xcassets */; };
		B3604BF022BD1D4B00D8931D /* LaunchScreen.storyboard in Resources */ = {isa = PBXBuildFile; fileRef = B3604BEE22BD1D4B00D8931D /* LaunchScreen.storyboard */; };
		B3604BF922C0287B00D8931D /* CustomTableViewCell.swift in Sources */ = {isa = PBXBuildFile; fileRef = B3604BF822C0287B00D8931D /* CustomTableViewCell.swift */; };
		B3604BFB22C0451800D8931D /* ResponseModel.swift in Sources */ = {isa = PBXBuildFile; fileRef = B3604BFA22C0451800D8931D /* ResponseModel.swift */; };
		B3604BFD22C1169200D8931D /* ListModelConverter.swift in Sources */ = {isa = PBXBuildFile; fileRef = B3604BFC22C1169200D8931D /* ListModelConverter.swift */; };
		B3604BFF22C122A900D8931D /* ListModel.swift in Sources */ = {isa = PBXBuildFile; fileRef = B3604BFE22C122A900D8931D /* ListModel.swift */; };
/* End PBXBuildFile section */

/* Begin PBXFileReference section */
		B3604BE222BD1D4800D8931D /* Doviz.app */ = {isa = PBXFileReference; explicitFileType = wrapper.application; includeInIndex = 0; path = Doviz.app; sourceTree = BUILT_PRODUCTS_DIR; };
		B3604BE522BD1D4800D8931D /* AppDelegate.swift */ = {isa = PBXFileReference; lastKnownFileType = sourcecode.swift; path = AppDelegate.swift; sourceTree = "<group>"; };
		B3604BE722BD1D4800D8931D /* ViewController.swift */ = {isa = PBXFileReference; lastKnownFileType = sourcecode.swift; path = ViewController.swift; sourceTree = "<group>"; };
		B3604BEA22BD1D4800D8931D /* Base */ = {isa = PBXFileReference; lastKnownFileType = file.storyboard; name = Base; path = Base.lproj/Main.storyboard; sourceTree = "<group>"; };
		B3604BEC22BD1D4B00D8931D /* Assets.xcassets */ = {isa = PBXFileReference; lastKnownFileType = folder.assetcatalog; path = Assets.xcassets; sourceTree = "<group>"; };
		B3604BEF22BD1D4B00D8931D /* Base */ = {isa = PBXFileReference; lastKnownFileType = file.storyboard; name = Base; path = Base.lproj/LaunchScreen.storyboard; sourceTree = "<group>"; };
		B3604BF122BD1D4B00D8931D /* Info.plist */ = {isa = PBXFileReference; lastKnownFileType = text.plist.xml; path = Info.plist; sourceTree = "<group>"; };
		B3604BF822C0287B00D8931D /* CustomTableViewCell.swift */ = {isa = PBXFileReference; lastKnownFileType = sourcecode.swift; path = CustomTableViewCell.swift; sourceTree = "<group>"; };
		B3604BFA22C0451800D8931D /* ResponseModel.swift */ = {isa = PBXFileReference; lastKnownFileType = sourcecode.swift; path = ResponseModel.swift; sourceTree = "<group>"; };
		B3604BFC22C1169200D8931D /* ListModelConverter.swift */ = {isa = PBXFileReference; lastKnownFileType = sourcecode.swift; path = ListModelConverter.swift; sourceTree = "<group>"; };
		B3604BFE22C122A900D8931D /* ListModel.swift */ = {isa = PBXFileReference; lastKnownFileType = sourcecode.swift; path = ListModel.swift; sourceTree = "<group>"; };
/* End PBXFileReference section */

/* Begin PBXFrameworksBuildPhase section */
		B3604BDF22BD1D4800D8931D /* Frameworks */ = {
			isa = PBXFrameworksBuildPhase;
			buildActionMask = 2147483647;
			files = (
			);
			runOnlyForDeploymentPostprocessing = 0;
		};
/* End PBXFrameworksBuildPhase section */

/* Begin PBXGroup section */
		B3604BD922BD1D4800D8931D = {
			isa = PBXGroup;
			children = (
				B3604BE422BD1D4800D8931D /* Doviz */,
				B3604BE322BD1D4800D8931D /* Products */,
			);
			sourceTree = "<group>";
		};
		B3604BE322BD1D4800D8931D /* Products */ = {
			isa = PBXGroup;
			children = (
				B3604BE222BD1D4800D8931D /* Doviz.app */,
			);
			name = Products;
			sourceTree = "<group>";
		};
		B3604BE422BD1D4800D8931D /* Doviz */ = {
			isa = PBXGroup;
			children = (
				B3604BE722BD1D4800D8931D /* ViewController.swift */,
				B3604BFA22C0451800D8931D /* ResponseModel.swift */,
				B3604BF822C0287B00D8931D /* CustomTableViewCell.swift */,
				B3604BE922BD1D4800D8931D /* Main.storyboard */,
				B3604BF722BD1E2900D8931D /* Supporting Files */,
				B3604BF122BD1D4B00D8931D /* Info.plist */,
				B3604BFC22C1169200D8931D /* ListModelConverter.swift */,
				B3604BFE22C122A900D8931D /* ListModel.swift */,
			);
			path = Doviz;
			sourceTree = "<group>";
		};
		B3604BF722BD1E2900D8931D /* Supporting Files */ = {
			isa = PBXGroup;
			children = (
				B3604BE522BD1D4800D8931D /* AppDelegate.swift */,
				B3604BEC22BD1D4B00D8931D /* Assets.xcassets */,
				B3604BEE22BD1D4B00D8931D /* LaunchScreen.storyboard */,
			);
			path = "Supporting Files";
			sourceTree = "<group>";
		};
/* End PBXGroup section */

/* Begin PBXNativeTarget section */
		B3604BE122BD1D4800D8931D /* Doviz */ = {
			isa = PBXNativeTarget;
			buildConfigurationList = B3604BF422BD1D4B00D8931D /* Build configuration list for PBXNativeTarget "Doviz" */;
			buildPhases = (
				B3604BDE22BD1D4800D8931D /* Sources */,
				B3604BDF22BD1D4800D8931D /* Frameworks */,
				B3604BE022BD1D4800D8931D /* Resources */,
			);
			buildRules = (
			);
			dependencies = (
			);
			name = Doviz;
			productName = Doviz;
			productReference = B3604BE222BD1D4800D8931D /* Doviz.app */;
			productType = "com.apple.product-type.application";
		};
/* End PBXNativeTarget section */

/* Begin PBXProject section */
		B3604BDA22BD1D4800D8931D /* Project object */ = {
			isa = PBXProject;
			attributes = {
				LastSwiftUpdateCheck = 1020;
				LastUpgradeCheck = 1020;
				ORGANIZATIONNAME = "Mehmet Delikaya";
				TargetAttributes = {
					B3604BE122BD1D4800D8931D = {
						CreatedOnToolsVersion = 10.2.1;
					};
				};
			};
			buildConfigurationList = B3604BDD22BD1D4800D8931D /* Build configuration list for PBXProject "Doviz" */;
			compatibilityVersion = "Xcode 9.3";
			developmentRegion = en;
			hasScannedForEncodings = 0;
			knownRegions = (
				en,
				Base,
			);
			mainGroup = B3604BD922BD1D4800D8931D;
			productRefGroup = B3604BE322BD1D4800D8931D /* Products */;
			projectDirPath = "";
			projectRoot = "";
			targets = (
				B3604BE122BD1D4800D8931D /* Doviz */,
			);
		};
/* End PBXProject section */

/* Begin PBXResourcesBuildPhase section */
		B3604BE022BD1D4800D8931D /* Resources */ = {
			isa = PBXResourcesBuildPhase;
			buildActionMask = 2147483647;
			files = (
				B3604BF022BD1D4B00D8931D /* LaunchScreen.storyboard in Resources */,
				B3604BED22BD1D4B00D8931D /* Assets.xcassets in Resources */,
				B3604BEB22BD1D4800D8931D /* Main.storyboard in Resources */,
			);
			runOnlyForDeploymentPostprocessing = 0;
		};
/* End PBXResourcesBuildPhase section */

/* Begin PBXSourcesBuildPhase section */
		B3604BDE22BD1D4800D8931D /* Sources */ = {
			isa = PBXSourcesBuildPhase;
			buildActionMask = 2147483647;
			files = (
				B3604BF922C0287B00D8931D /* CustomTableViewCell.swift in Sources */,
				B3604BE822BD1D4800D8931D /* ViewController.swift in Sources */,
				B3604BFB22C0451800D8931D /* ResponseModel.swift in Sources */,
				B3604BFF22C122A900D8931D /* ListModel.swift in Sources */,
				B3604BE622BD1D4800D8931D /* AppDelegate.swift in Sources */,
				B3604BFD22C1169200D8931D /* ListModelConverter.swift in Sources */,
			);
			runOnlyForDeploymentPostprocessing = 0;
		};
/* End PBXSourcesBuildPhase section */

/* Begin PBXVariantGroup section */
		B3604BE922BD1D4800D8931D /* Main.storyboard */ = {
			isa = PBXVariantGroup;
			children = (
				B3604BEA22BD1D4800D8931D /* Base */,
			);
			name = Main.storyboard;
			sourceTree = "<group>";
		};
		B3604BEE22BD1D4B00D8931D /* LaunchScreen.storyboard */ = {
			isa = PBXVariantGroup;
			children = (
				B3604BEF22BD1D4B00D8931D /* Base */,
			);
			name = LaunchScreen.storyboard;
			sourceTree = "<group>";
		};
/* End PBXVariantGroup section */

/* Begin XCBuildConfiguration section */
		B3604BF222BD1D4B00D8931D /* Debug */ = {
			isa = XCBuildConfiguration;
			buildSettings = {
				ALWAYS_SEARCH_USER_PATHS = NO;
				CLANG_ANALYZER_NONNULL = YES;
				CLANG_ANALYZER_NUMBER_OBJECT_CONVERSION = YES_AGGRESSIVE;
				CLANG_CXX_LANGUAGE_STANDARD = "gnu++14";
				CLANG_CXX_LIBRARY = "libc++";
				CLANG_ENABLE_MODULES = YES;
				CLANG_ENABLE_OBJC_ARC = YES;
				CLANG_ENABLE_OBJC_WEAK = YES;
				CLANG_WARN_BLOCK_CAPTURE_AUTORELEASING = YES;
				CLANG_WARN_BOOL_CONVERSION = YES;
				CLANG_WARN_COMMA = YES;
				CLANG_WARN_CONSTANT_CONVERSION = YES;
				CLANG_WARN_DEPRECATED_OBJC_IMPLEMENTATIONS = YES;
				CLANG_WARN_DIRECT_OBJC_ISA_USAGE = YES_ERROR;
				CLANG_WARN_DOCUMENTATION_COMMENTS = YES;
				CLANG_WARN_EMPTY_BODY = YES;
				CLANG_WARN_ENUM_CONVERSION = YES;
				CLANG_WARN_INFINITE_RECURSION = YES;
				CLANG_WARN_INT_CONVERSION = YES;
				CLANG_WARN_NON_LITERAL_NULL_CONVERSION = YES;
				CLANG_WARN_OBJC_IMPLICIT_RETAIN_SELF = YES;
				CLANG_WARN_OBJC_LITERAL_CONVERSION = YES;
				CLANG_WARN_OBJC_ROOT_CLASS = YES_ERROR;
				CLANG_WARN_RANGE_LOOP_ANALYSIS = YES;
				CLANG_WARN_STRICT_PROTOTYPES = YES;
				CLANG_WARN_SUSPICIOUS_MOVE = YES;
				CLANG_WARN_UNGUARDED_AVAILABILITY = YES_AGGRESSIVE;
				CLANG_WARN_UNREACHABLE_CODE = YES;
				CLANG_WARN__DUPLICATE_METHOD_MATCH = YES;
				CODE_SIGN_IDENTITY = "iPhone Developer";
				COPY_PHASE_STRIP = NO;
				DEBUG_INFORMATION_FORMAT = dwarf;
				ENABLE_STRICT_OBJC_MSGSEND = YES;
				ENABLE_TESTABILITY = YES;
				GCC_C_LANGUAGE_STANDARD = gnu11;
				GCC_DYNAMIC_NO_PIC = NO;
				GCC_NO_COMMON_BLOCKS = YES;
				GCC_OPTIMIZATION_LEVEL = 0;
				GCC_PREPROCESSOR_DEFINITIONS = (
					"DEBUG=1",
					"$(inherited)",
				);
				GCC_WARN_64_TO_32_BIT_CONVERSION = YES;
				GCC_WARN_ABOUT_RETURN_TYPE = YES_ERROR;
				GCC_WARN_UNDECLARED_SELECTOR = YES;
				GCC_WARN_UNINITIALIZED_AUTOS = YES_AGGRESSIVE;
				GCC_WARN_UNUSED_FUNCTION = YES;
				GCC_WARN_UNUSED_VARIABLE = YES;
				IPHONEOS_DEPLOYMENT_TARGET = 12.2;
				MTL_ENABLE_DEBUG_INFO = INCLUDE_SOURCE;
				MTL_FAST_MATH = YES;
				ONLY_ACTIVE_ARCH = YES;
				SDKROOT = iphoneos;
				SWIFT_ACTIVE_COMPILATION_CONDITIONS = DEBUG;
				SWIFT_OPTIMIZATION_LEVEL = "-Onone";
			};
			name = Debug;
		};
		B3604BF322BD1D4B00D8931D /* Release */ = {
			isa = XCBuildConfiguration;
			buildSettings = {
				ALWAYS_SEARCH_USER_PATHS = NO;
				CLANG_ANALYZER_NONNULL = YES;
				CLANG_ANALYZER_NUMBER_OBJECT_CONVERSION = YES_AGGRESSIVE;
				CLANG_CXX_LANGUAGE_STANDARD = "gnu++14";
				CLANG_CXX_LIBRARY = "libc++";
				CLANG_ENABLE_MODULES = YES;
				CLANG_ENABLE_OBJC_ARC = YES;
				CLANG_ENABLE_OBJC_WEAK = YES;
				CLANG_WARN_BLOCK_CAPTURE_AUTORELEASING = YES;
				CLANG_WARN_BOOL_CONVERSION = YES;
				CLANG_WARN_COMMA = YES;
				CLANG_WARN_CONSTANT_CONVERSION = YES;
				CLANG_WARN_DEPRECATED_OBJC_IMPLEMENTATIONS = YES;
				CLANG_WARN_DIRECT_OBJC_ISA_USAGE = YES_ERROR;
				CLANG_WARN_DOCUMENTATION_COMMENTS = YES;
				CLANG_WARN_EMPTY_BODY = YES;
				CLANG_WARN_ENUM_CONVERSION = YES;
				CLANG_WARN_INFINITE_RECURSION = YES;
				CLANG_WARN_INT_CONVERSION = YES;
				CLANG_WARN_NON_LITERAL_NULL_CONVERSION = YES;
				CLANG_WARN_OBJC_IMPLICIT_RETAIN_SELF = YES;
				CLANG_WARN_OBJC_LITERAL_CONVERSION = YES;
				CLANG_WARN_OBJC_ROOT_CLASS = YES_ERROR;
				CLANG_WARN_RANGE_LOOP_ANALYSIS = YES;
				CLANG_WARN_STRICT_PROTOTYPES = YES;
				CLANG_WARN_SUSPICIOUS_MOVE = YES;
				CLANG_WARN_UNGUARDED_AVAILABILITY = YES_AGGRESSIVE;
				CLANG_WARN_UNREACHABLE_CODE = YES;
				CLANG_WARN__DUPLICATE_METHOD_MATCH = YES;
				CODE_SIGN_IDENTITY = "iPhone Developer";
				COPY_PHASE_STRIP = NO;
				DEBUG_INFORMATION_FORMAT = "dwarf-with-dsym";
				ENABLE_NS_ASSERTIONS = NO;
				ENABLE_STRICT_OBJC_MSGSEND = YES;
				GCC_C_LANGUAGE_STANDARD = gnu11;
				GCC_NO_COMMON_BLOCKS = YES;
				GCC_WARN_64_TO_32_BIT_CONVERSION = YES;
				GCC_WARN_ABOUT_RETURN_TYPE = YES_ERROR;
				GCC_WARN_UNDECLARED_SELECTOR = YES;
				GCC_WARN_UNINITIALIZED_AUTOS = YES_AGGRESSIVE;
				GCC_WARN_UNUSED_FUNCTION = YES;
				GCC_WARN_UNUSED_VARIABLE = YES;
				IPHONEOS_DEPLOYMENT_TARGET = 12.2;
				MTL_ENABLE_DEBUG_INFO = NO;
				MTL_FAST_MATH = YES;
				SDKROOT = iphoneos;
				SWIFT_COMPILATION_MODE = wholemodule;
				SWIFT_OPTIMIZATION_LEVEL = "-O";
				VALIDATE_PRODUCT = YES;
			};
			name = Release;
		};
		B3604BF522BD1D4B00D8931D /* Debug */ = {
			isa = XCBuildConfiguration;
			buildSettings = {
				ASSETCATALOG_COMPILER_APPICON_NAME = AppIcon;
				CODE_SIGN_STYLE = Automatic;
				DEVELOPMENT_TEAM = G2GKWDSLQL;
				INFOPLIST_FILE = Doviz/Info.plist;
				IPHONEOS_DEPLOYMENT_TARGET = 12.0;
				LD_RUNPATH_SEARCH_PATHS = (
					"$(inherited)",
					"@executable_path/Frameworks",
				);
				PRODUCT_BUNDLE_IDENTIFIER = mehmetdelikaya.Doviz;
				PRODUCT_NAME = "$(TARGET_NAME)";
				SWIFT_VERSION = 5.0;
				TARGETED_DEVICE_FAMILY = "1,2";
			};
			name = Debug;
		};
		B3604BF622BD1D4B00D8931D /* Release */ = {
			isa = XCBuildConfiguration;
			buildSettings = {
				ASSETCATALOG_COMPILER_APPICON_NAME = AppIcon;
				CODE_SIGN_STYLE = Automatic;
				DEVELOPMENT_TEAM = G2GKWDSLQL;
				INFOPLIST_FILE = Doviz/Info.plist;
				IPHONEOS_DEPLOYMENT_TARGET = 12.0;
				LD_RUNPATH_SEARCH_PATHS = (
					"$(inherited)",
					"@executable_path/Frameworks",
				);
				PRODUCT_BUNDLE_IDENTIFIER = mehmetdelikaya.Doviz;
				PRODUCT_NAME = "$(TARGET_NAME)";
				SWIFT_VERSION = 5.0;
				TARGETED_DEVICE_FAMILY = "1,2";
			};
			name = Release;
		};
/* End XCBuildConfiguration section */

/* Begin XCConfigurationList section */
		B3604BDD22BD1D4800D8931D /* Build configuration list for PBXProject "Doviz" */ = {
			isa = XCConfigurationList;
			buildConfigurations = (
				B3604BF222BD1D4B00D8931D /* Debug */,
				B3604BF322BD1D4B00D8931D /* Release */,
			);
			defaultConfigurationIsVisible = 0;
			defaultConfigurationName = Release;
		};
		B3604BF422BD1D4B00D8931D /* Build configuration list for PBXNativeTarget "Doviz" */ = {
			isa = XCConfigurationList;
			buildConfigurations = (
				B3604BF522BD1D4B00D8931D /* Debug */,
				B3604BF622BD1D4B00D8931D /* Release */,
			);
			defaultConfigurationIsVisible = 0;
			defaultConfigurationName = Release;
		};
/* End XCConfigurationList section */
	};
	rootObject = B3604BDA22BD1D4800D8931D /* Project object */;
}
